
Microsoft Visual Studio Solution File, Format Version 12.00
# Visual Studio Version 17
VisualStudioVersion = 17.0.32112.339
MinimumVisualStudioVersion = 10.0.40219.1
Project("{9A19103F-16F7-4668-BE54-9A1E7A4F7556}") = "CSI-124-Program III Mid-Exam One", "CSI-124-Program III Mid-Exam One.csproj", "{FFA8FED7-F119-49F6-99EF-1D18A0D84FC7}"
EndProject
Global
	GlobalSection(SolutionConfigurationPlatforms) = preSolution
		Debug|Any CPU = Debug|Any CPU
		Release|Any CPU = Release|Any CPU
	EndGlobalSection
	GlobalSection(ProjectConfigurationPlatforms) = postSolution
		{FFA8FED7-F119-49F6-99EF-1D18A0D84FC7}.Debug|Any CPU.ActiveCfg = Debug|Any CPU
		{FFA8FED7-F119-49F6-99EF-1D18A0D84FC7}.Debug|Any CPU.Build.0 = Debug|Any CPU
		{FFA8FED7-F119-49F6-99EF-1D18A0D84FC7}.Release|Any CPU.ActiveCfg = Release|Any CPU
		{FFA8FED7-F119-49F6-99EF-1D18A0D84FC7}.Release|Any CPU.Build.0 = Release|Any CPU
	EndGlobalSection
	GlobalSection(SolutionProperties) = preSolution
		HideSolutionNode = FALSE
	EndGlobalSection
	GlobalSection(ExtensibilityGlobals) = postSolution
		SolutionGuid = {A255DB17-5A80-48B0-8512-B92A30E1B5AC}
	EndGlobalSection
EndGlobal
